
Microsoft Visual Studio Solution File, Format Version 12.00
# Visual Studio Version 16
VisualStudioVersion = 16.0.30804.86
MinimumVisualStudioVersion = 10.0.40219.1
Project("{FAE04EC0-301F-11D3-BF4B-00C04F79EFBC}") = "StackArray", "StackArray\StackArray.csproj", "{C097D616-2A7C-4818-B103-2EAA9D9FDBE1}"
EndProject
Project("{FAE04EC0-301F-11D3-BF4B-00C04F79EFBC}") = "BlackJack", "BlackJack\BlackJack.csproj", "{718F6C51-5CE7-4FDC-8C1E-8B17275D9085}"
EndProject
Project("{FAE04EC0-301F-11D3-BF4B-00C04F79EFBC}") = "StringInclude", "StringInclude\StringInclude.csproj", "{E4BE2892-8D61-419C-96C5-00641B94EC3D}"
EndProject
Project("{FAE04EC0-301F-11D3-BF4B-00C04F79EFBC}") = "Lodoos.Backend.Tests", "Lodoos.Backend.Tests\Lodoos.Backend.Tests.csproj", "{808D39A4-2FDD-4607-A676-1D8DB58DB94C}"
EndProject
Global
	GlobalSection(SolutionConfigurationPlatforms) = preSolution
		Debug|Any CPU = Debug|Any CPU
		Release|Any CPU = Release|Any CPU
	EndGlobalSection
	GlobalSection(ProjectConfigurationPlatforms) = postSolution
		{C097D616-2A7C-4818-B103-2EAA9D9FDBE1}.Debug|Any CPU.ActiveCfg = Debug|Any CPU
		{C097D616-2A7C-4818-B103-2EAA9D9FDBE1}.Debug|Any CPU.Build.0 = Debug|Any CPU
		{C097D616-2A7C-4818-B103-2EAA9D9FDBE1}.Release|Any CPU.ActiveCfg = Release|Any CPU
		{C097D616-2A7C-4818-B103-2EAA9D9FDBE1}.Release|Any CPU.Build.0 = Release|Any CPU
		{718F6C51-5CE7-4FDC-8C1E-8B17275D9085}.Debug|Any CPU.ActiveCfg = Debug|Any CPU
		{718F6C51-5CE7-4FDC-8C1E-8B17275D9085}.Debug|Any CPU.Build.0 = Debug|Any CPU
		{718F6C51-5CE7-4FDC-8C1E-8B17275D9085}.Release|Any CPU.ActiveCfg = Release|Any CPU
		{718F6C51-5CE7-4FDC-8C1E-8B17275D9085}.Release|Any CPU.Build.0 = Release|Any CPU
		{E4BE2892-8D61-419C-96C5-00641B94EC3D}.Debug|Any CPU.ActiveCfg = Debug|Any CPU
		{E4BE2892-8D61-419C-96C5-00641B94EC3D}.Debug|Any CPU.Build.0 = Debug|Any CPU
		{E4BE2892-8D61-419C-96C5-00641B94EC3D}.Release|Any CPU.ActiveCfg = Release|Any CPU
		{E4BE2892-8D61-419C-96C5-00641B94EC3D}.Release|Any CPU.Build.0 = Release|Any CPU
		{808D39A4-2FDD-4607-A676-1D8DB58DB94C}.Debug|Any CPU.ActiveCfg = Debug|Any CPU
		{808D39A4-2FDD-4607-A676-1D8DB58DB94C}.Debug|Any CPU.Build.0 = Debug|Any CPU
		{808D39A4-2FDD-4607-A676-1D8DB58DB94C}.Release|Any CPU.ActiveCfg = Release|Any CPU
		{808D39A4-2FDD-4607-A676-1D8DB58DB94C}.Release|Any CPU.Build.0 = Release|Any CPU
	EndGlobalSection
	GlobalSection(SolutionProperties) = preSolution
		HideSolutionNode = FALSE
	EndGlobalSection
	GlobalSection(ExtensibilityGlobals) = postSolution
		SolutionGuid = {F3A7BE02-38BF-4853-B4AC-BCA513A737A8}
	EndGlobalSection
EndGlobal
